
Microsoft Visual Studio Solution File, Format Version 12.00
# Visual Studio Version 17
VisualStudioVersion = 17.0.31903.59
MinimumVisualStudioVersion = 10.0.40219.1
Project("{FAE04EC0-301F-11D3-BF4B-00C04F79EFBC}") = "Bank.Domain", "Bank.Domain\Bank.Domain.csproj", "{F2EBEA46-DE97-4FD2-8673-571E24771A27}"
EndProject
Project("{FAE04EC0-301F-11D3-BF4B-00C04F79EFBC}") = "Bank.Domain.Tests", "Bank.Domain.Tests\Bank.Domain.Tests.csproj", "{DFC8C728-4D9A-4E1C-89DF-3D5EFB3742BD}"
EndProject
Global
	GlobalSection(SolutionConfigurationPlatforms) = preSolution
		Debug|Any CPU = Debug|Any CPU
		Release|Any CPU = Release|Any CPU
	EndGlobalSection
	GlobalSection(SolutionProperties) = preSolution
		HideSolutionNode = FALSE
	EndGlobalSection
	GlobalSection(ProjectConfigurationPlatforms) = postSolution
		{F2EBEA46-DE97-4FD2-8673-571E24771A27}.Debug|Any CPU.ActiveCfg = Debug|Any CPU
		{F2EBEA46-DE97-4FD2-8673-571E24771A27}.Debug|Any CPU.Build.0 = Debug|Any CPU
		{F2EBEA46-DE97-4FD2-8673-571E24771A27}.Release|Any CPU.ActiveCfg = Release|Any CPU
		{F2EBEA46-DE97-4FD2-8673-571E24771A27}.Release|Any CPU.Build.0 = Release|Any CPU
		{DFC8C728-4D9A-4E1C-89DF-3D5EFB3742BD}.Debug|Any CPU.ActiveCfg = Debug|Any CPU
		{DFC8C728-4D9A-4E1C-89DF-3D5EFB3742BD}.Debug|Any CPU.Build.0 = Debug|Any CPU
		{DFC8C728-4D9A-4E1C-89DF-3D5EFB3742BD}.Release|Any CPU.ActiveCfg = Release|Any CPU
		{DFC8C728-4D9A-4E1C-89DF-3D5EFB3742BD}.Release|Any CPU.Build.0 = Release|Any CPU
	EndGlobalSection
EndGlobal
